{
  "requires": true,
  "lockfileVersion": 1,
  "dependencies": {
    "@ckeditor/ckeditor5-clipboard": {
      "version": "29.2.0",
      "resolved": "https://registry.npmjs.org/@ckeditor/ckeditor5-clipboard/-/ckeditor5-clipboard-29.2.0.tgz",
      "integrity": "sha512-LT0EKQI4SF/m4+1h27wxXi7F6ounVnKzVComdQM/1Ev8nGFP2fD3RSBGmOSfUAl3w1XCiJSqjIm/AUp7D15qig==",
      "requires": {
        "@ckeditor/ckeditor5-core": "^29.2.0",
        "@ckeditor/ckeditor5-engine": "^29.2.0",
        "@ckeditor/ckeditor5-utils": "^29.2.0",
        "@ckeditor/ckeditor5-widget": "^29.2.0",
        "lodash-es": "^4.17.11"
      }
    },
    "@ckeditor/ckeditor5-core": {
      "version": "29.2.0",
      "resolved": "https://registry.npmjs.org/@ckeditor/ckeditor5-core/-/ckeditor5-core-29.2.0.tgz",
      "integrity": "sha512-uHLKkbVGRpDkx4y2MYfjfqh2sFrwsKVXwoZ5pflQ0biutwpoeGdwY9rLYeBMI8h8V37M97yVc9UBYSnuDAE5SA==",
      "requires": {
        "@ckeditor/ckeditor5-engine": "^29.2.0",
        "@ckeditor/ckeditor5-ui": "^29.2.0",
        "@ckeditor/ckeditor5-utils": "^29.2.0",
        "lodash-es": "^4.17.15"
      }
    },
    "@ckeditor/ckeditor5-engine": {
      "version": "29.2.0",
      "resolved": "https://registry.npmjs.org/@ckeditor/ckeditor5-engine/-/ckeditor5-engine-29.2.0.tgz",
      "integrity": "sha512-+YJ5xOpBdT2TsLMm29E9pev5ivQYmQq9GvoNXGGhDi+hbP9cV4itJPMjXKZsQpcitBtDwAwsKjwxi6G8TbKglA==",
      "requires": {
        "@ckeditor/ckeditor5-utils": "^29.2.0",
        "lodash-es": "^4.17.15"
      }
    },
    "@ckeditor/ckeditor5-enter": {
      "version": "29.2.0",
      "resolved": "https://registry.npmjs.org/@ckeditor/ckeditor5-enter/-/ckeditor5-enter-29.2.0.tgz",
      "integrity": "sha512-SSzUZ6iTI1Tymgvol/3HEdsOoMnu6GRl0wdBUizMBqP6SkCLU6t+Zdayz/aRNnU9slLXl0pJyz/aD9jR0N6gKg==",
      "requires": {
        "@ckeditor/ckeditor5-core": "^29.2.0",
        "@ckeditor/ckeditor5-engine": "^29.2.0",
        "@ckeditor/ckeditor5-utils": "^29.2.0"
      }
    },
    "@ckeditor/ckeditor5-paragraph": {
      "version": "29.2.0",
      "resolved": "https://registry.npmjs.org/@ckeditor/ckeditor5-paragraph/-/ckeditor5-paragraph-29.2.0.tgz",
      "integrity": "sha512-SiitWURZBn08ZW3UGyaOqqThIHhMRew87PGVGUlYZH+xh9trTG9uxSYUBImX4W7K/m/zdgyL2u5akjWLV81y/g==",
      "requires": {
        "@ckeditor/ckeditor5-core": "^29.2.0",
        "@ckeditor/ckeditor5-ui": "^29.2.0",
        "@ckeditor/ckeditor5-utils": "^29.2.0"
      }
    },
    "@ckeditor/ckeditor5-select-all": {
      "version": "29.2.0",
      "resolved": "https://registry.npmjs.org/@ckeditor/ckeditor5-select-all/-/ckeditor5-select-all-29.2.0.tgz",
      "integrity": "sha512-GqUQKnNcuT2yQPiZMvOhX4k6bpFsSpUU8wPIt5m991fzO0KcCV42fYFElse9/kajiTn7X4RfybQxIw0abS2ttw==",
      "requires": {
        "@ckeditor/ckeditor5-core": "^29.2.0",
        "@ckeditor/ckeditor5-ui": "^29.2.0",
        "@ckeditor/ckeditor5-utils": "^29.2.0"
      }
    },
    "@ckeditor/ckeditor5-typing": {
      "version": "29.2.0",
      "resolved": "https://registry.npmjs.org/@ckeditor/ckeditor5-typing/-/ckeditor5-typing-29.2.0.tgz",
      "integrity": "sha512-Kb+GLR4SlIpvvDINLv+0GmPATlIAIqSHPcBwP7xQUQzhYGgJQXDTexcKI/Lx/mbgXE8mNz1QxUzUtB4od/6Wsw==",
      "requires": {
        "@ckeditor/ckeditor5-core": "^29.2.0",
        "@ckeditor/ckeditor5-engine": "^29.2.0",
        "@ckeditor/ckeditor5-utils": "^29.2.0",
        "lodash-es": "^4.17.15"
      }
    },
    "@ckeditor/ckeditor5-ui": {
      "version": "29.2.0",
      "resolved": "https://registry.npmjs.org/@ckeditor/ckeditor5-ui/-/ckeditor5-ui-29.2.0.tgz",
      "integrity": "sha512-jxoXDF7QwFOG7OCifYX2yrNb2PNsBhrMnBSxtWGWjMS9c39QXTUBIuzTXcYPOAOVCxzTpZ+yNxuSmJ9eHe8jMg==",
      "requires": {
        "@ckeditor/ckeditor5-utils": "^29.2.0",
        "ckeditor5": "^29.2.0",
        "lodash-es": "^4.17.15"
      }
    },
    "@ckeditor/ckeditor5-undo": {
      "version": "29.2.0",
      "resolved": "https://registry.npmjs.org/@ckeditor/ckeditor5-undo/-/ckeditor5-undo-29.2.0.tgz",
      "integrity": "sha512-ADhs5qgou5jG/fW0tMzxeUwVuuNHUpqjLjM2rIjq6Gsb7RlpfhpmZxq6vEKMYfqc1C375fTGA+1kM7KInNU2Cw==",
      "requires": {
        "@ckeditor/ckeditor5-core": "^29.2.0",
        "@ckeditor/ckeditor5-engine": "^29.2.0",
        "@ckeditor/ckeditor5-ui": "^29.2.0"
      }
    },
    "@ckeditor/ckeditor5-upload": {
      "version": "29.2.0",
      "resolved": "https://registry.npmjs.org/@ckeditor/ckeditor5-upload/-/ckeditor5-upload-29.2.0.tgz",
      "integrity": "sha512-w7J1a3HaveOyBZHO4V/XODs2EsJNJkFJS75I3A3P82tBPb1T5gHOtZADQ4SI9kFnLo1CzLq6jU0YeSCwXETy3w==",
      "requires": {
        "@ckeditor/ckeditor5-core": "^29.2.0",
        "@ckeditor/ckeditor5-ui": "^29.2.0",
        "@ckeditor/ckeditor5-utils": "^29.2.0"
      }
    },
    "@ckeditor/ckeditor5-utils": {
      "version": "29.2.0",
      "resolved": "https://registry.npmjs.org/@ckeditor/ckeditor5-utils/-/ckeditor5-utils-29.2.0.tgz",
      "integrity": "sha512-aTbahSk2W7HTc4g9yggWCYpLcHkJ60mffFAXzt8TPeSDJ3obW/9DoDPz5gwLnCArmmuYFDJf9UOaTpEO6GwwAQ==",
      "requires": {
        "lodash-es": "^4.17.15"
      }
    },
    "@ckeditor/ckeditor5-widget": {
      "version": "29.2.0",
      "resolved": "https://registry.npmjs.org/@ckeditor/ckeditor5-widget/-/ckeditor5-widget-29.2.0.tgz",
      "integrity": "sha512-DuxtXLhQ4jo5471aW9NidzNi/ZU0hIqQOa64Hg18NvLsdqw23mt/yMWgDrxBykygMRdyOQze7EubmhQDbZa95Q==",
      "requires": {
        "@ckeditor/ckeditor5-core": "^29.2.0",
        "@ckeditor/ckeditor5-engine": "^29.2.0",
        "@ckeditor/ckeditor5-enter": "^29.2.0",
        "@ckeditor/ckeditor5-typing": "^29.2.0",
        "@ckeditor/ckeditor5-ui": "^29.2.0",
        "@ckeditor/ckeditor5-utils": "^29.2.0",
        "lodash-es": "^4.17.15"
      }
    },
    "bootstrap-icons": {
      "version": "1.7.2",
      "resolved": "https://registry.npmjs.org/bootstrap-icons/-/bootstrap-icons-1.7.2.tgz",
      "integrity": "sha512-NiR2PqC73AQOPdVSu6GJfnk+hN2z6powcistXk1JgPnKuoV2FSdSl26w931Oz9HYbKCcKUSB6ncZTYJAYJl3QQ=="
    },
    "chart.js": {
      "version": "3.7.1",
      "resolved": "https://registry.npmjs.org/chart.js/-/chart.js-3.7.1.tgz",
      "integrity": "sha512-8knRegQLFnPQAheZV8MjxIXc5gQEfDFD897BJgv/klO/vtIyFFmgMXrNfgrXpbTr/XbTturxRgxIXx/Y+ASJBA=="
    },
    "ckeditor5": {
      "version": "29.2.0",
      "resolved": "https://registry.npmjs.org/ckeditor5/-/ckeditor5-29.2.0.tgz",
      "integrity": "sha512-S0nNmgLbf/Z23bXeuKIe2KeTyWuz7Pt/SnQy13baqAGoBJblBFVG9fdylS7GxCaJmPqJE0dT4RN9rni0LvgGyg==",
      "requires": {
        "@ckeditor/ckeditor5-clipboard": "^29.2.0",
        "@ckeditor/ckeditor5-core": "^29.2.0",
        "@ckeditor/ckeditor5-engine": "^29.2.0",
        "@ckeditor/ckeditor5-enter": "^29.2.0",
        "@ckeditor/ckeditor5-paragraph": "^29.2.0",
        "@ckeditor/ckeditor5-select-all": "^29.2.0",
        "@ckeditor/ckeditor5-typing": "^29.2.0",
        "@ckeditor/ckeditor5-ui": "^29.2.0",
        "@ckeditor/ckeditor5-undo": "^29.2.0",
        "@ckeditor/ckeditor5-upload": "^29.2.0",
        "@ckeditor/ckeditor5-utils": "^29.2.0",
        "@ckeditor/ckeditor5-widget": "^29.2.0"
      }
    },
    "lodash-es": {
      "version": "4.17.21",
      "resolved": "https://registry.npmjs.org/lodash-es/-/lodash-es-4.17.21.tgz",
      "integrity": "sha512-mKnC+QJ9pWVzv+C4/U3rRsHapFfHvQFoFB92e52xeyGMcX6/OlIl78je1u8vePzYZSkkogMPJ2yjxxsb89cxyw=="
    }
  }
}
